
Microsoft Visual Studio Solution File, Format Version 12.00
# Visual Studio Version 17
VisualStudioVersion = 17.0.31903.59
MinimumVisualStudioVersion = 10.0.40219.1
Project("{2150E333-8FDC-42A3-9474-1A3956D46DE8}") = "src", "src", "{E28BD664-B229-4089-9F2D-00C9BD45564E}"
EndProject
Project("{FAE04EC0-301F-11D3-BF4B-00C04F79EFBC}") = "GeminiTranslateLite", "src\GeminiTranslateLite\GeminiTranslateLite.csproj", "{22CDE98D-9DF5-411E-9ACF-C7FAA98F2864}"
EndProject
Project("{FAE04EC0-301F-11D3-BF4B-00C04F79EFBC}") = "GeminiTranslateV2", "src\GeminiTranslateV2\GeminiTranslateV2.csproj", "{38E9459B-62A5-4091-B10B-45722979DCBF}"
EndProject
Global
	GlobalSection(SolutionConfigurationPlatforms) = preSolution
		Debug|Any CPU = Debug|Any CPU
		Debug|x64 = Debug|x64
		Debug|x86 = Debug|x86
		Release|Any CPU = Release|Any CPU
		Release|x64 = Release|x64
		Release|x86 = Release|x86
	EndGlobalSection
	GlobalSection(ProjectConfigurationPlatforms) = postSolution
		{22CDE98D-9DF5-411E-9ACF-C7FAA98F2864}.Debug|Any CPU.ActiveCfg = Debug|Any CPU
		{22CDE98D-9DF5-411E-9ACF-C7FAA98F2864}.Debug|Any CPU.Build.0 = Debug|Any CPU
		{22CDE98D-9DF5-411E-9ACF-C7FAA98F2864}.Debug|x64.ActiveCfg = Debug|Any CPU
		{22CDE98D-9DF5-411E-9ACF-C7FAA98F2864}.Debug|x64.Build.0 = Debug|Any CPU
		{22CDE98D-9DF5-411E-9ACF-C7FAA98F2864}.Debug|x86.ActiveCfg = Debug|Any CPU
		{22CDE98D-9DF5-411E-9ACF-C7FAA98F2864}.Debug|x86.Build.0 = Debug|Any CPU
		{22CDE98D-9DF5-411E-9ACF-C7FAA98F2864}.Release|Any CPU.ActiveCfg = Release|Any CPU
		{22CDE98D-9DF5-411E-9ACF-C7FAA98F2864}.Release|Any CPU.Build.0 = Release|Any CPU
		{22CDE98D-9DF5-411E-9ACF-C7FAA98F2864}.Release|x64.ActiveCfg = Release|Any CPU
		{22CDE98D-9DF5-411E-9ACF-C7FAA98F2864}.Release|x64.Build.0 = Release|Any CPU
		{22CDE98D-9DF5-411E-9ACF-C7FAA98F2864}.Release|x86.ActiveCfg = Release|Any CPU
		{22CDE98D-9DF5-411E-9ACF-C7FAA98F2864}.Release|x86.Build.0 = Release|Any CPU
		{38E9459B-62A5-4091-B10B-45722979DCBF}.Debug|Any CPU.ActiveCfg = Debug|Any CPU
		{38E9459B-62A5-4091-B10B-45722979DCBF}.Debug|Any CPU.Build.0 = Debug|Any CPU
		{38E9459B-62A5-4091-B10B-45722979DCBF}.Debug|x64.ActiveCfg = Debug|Any CPU
		{38E9459B-62A5-4091-B10B-45722979DCBF}.Debug|x64.Build.0 = Debug|Any CPU
		{38E9459B-62A5-4091-B10B-45722979DCBF}.Debug|x86.ActiveCfg = Debug|Any CPU
		{38E9459B-62A5-4091-B10B-45722979DCBF}.Debug|x86.Build.0 = Debug|Any CPU
		{38E9459B-62A5-4091-B10B-45722979DCBF}.Release|Any CPU.ActiveCfg = Release|Any CPU
		{38E9459B-62A5-4091-B10B-45722979DCBF}.Release|Any CPU.Build.0 = Release|Any CPU
		{38E9459B-62A5-4091-B10B-45722979DCBF}.Release|x64.ActiveCfg = Release|Any CPU
		{38E9459B-62A5-4091-B10B-45722979DCBF}.Release|x64.Build.0 = Release|Any CPU
		{38E9459B-62A5-4091-B10B-45722979DCBF}.Release|x86.ActiveCfg = Release|Any CPU
		{38E9459B-62A5-4091-B10B-45722979DCBF}.Release|x86.Build.0 = Release|Any CPU
	EndGlobalSection
	GlobalSection(SolutionProperties) = preSolution
		HideSolutionNode = FALSE
	EndGlobalSection
	GlobalSection(NestedProjects) = preSolution
		{22CDE98D-9DF5-411E-9ACF-C7FAA98F2864} = {E28BD664-B229-4089-9F2D-00C9BD45564E}
		{38E9459B-62A5-4091-B10B-45722979DCBF} = {E28BD664-B229-4089-9F2D-00C9BD45564E}
	EndGlobalSection
EndGlobal
